
Microsoft Visual Studio Solution File, Format Version 12.00
# Visual Studio Version 16
VisualStudioVersion = 16.0.31911.196
MinimumVisualStudioVersion = 10.0.40219.1
Project("{FAE04EC0-301F-11D3-BF4B-00C04F79EFBC}") = "Exercise10", "Exercise10\Exercise10.csproj", "{ED07BFFC-56E5-4535-BFA8-E33DA8D52074}"
EndProject
Global
	GlobalSection(SolutionConfigurationPlatforms) = preSolution
		Debug|Any CPU = Debug|Any CPU
		Release|Any CPU = Release|Any CPU
	EndGlobalSection
	GlobalSection(ProjectConfigurationPlatforms) = postSolution
		{ED07BFFC-56E5-4535-BFA8-E33DA8D52074}.Debug|Any CPU.ActiveCfg = Debug|Any CPU
		{ED07BFFC-56E5-4535-BFA8-E33DA8D52074}.Debug|Any CPU.Build.0 = Debug|Any CPU
		{ED07BFFC-56E5-4535-BFA8-E33DA8D52074}.Release|Any CPU.ActiveCfg = Release|Any CPU
		{ED07BFFC-56E5-4535-BFA8-E33DA8D52074}.Release|Any CPU.Build.0 = Release|Any CPU
	EndGlobalSection
	GlobalSection(SolutionProperties) = preSolution
		HideSolutionNode = FALSE
	EndGlobalSection
	GlobalSection(ExtensibilityGlobals) = postSolution
		SolutionGuid = {F08BD285-43A5-4D37-8B7F-43CE17012B7D}
	EndGlobalSection
EndGlobal
